Microsoft Visual Studio Solution File, Format Version 12.00
# Visual Studio Version 17
VisualStudioVersion = 17.5.2.0
MinimumVisualStudioVersion = 10.0.40219.1
Project("{FAE04EC0-301F-11D3-BF4B-00C04F79EFBC}") = "SplitTheTrip", "SplitTheTrip.csproj", "{CDFFF5A5-1327-3BF9-FB98-22275F94BE28}"
EndProject
Global
	GlobalSection(SolutionConfigurationPlatforms) = preSolution
		Debug|Any CPU = Debug|Any CPU
		Release|Any CPU = Release|Any CPU
	EndGlobalSection
	GlobalSection(ProjectConfigurationPlatforms) = postSolution
		{CDFFF5A5-1327-3BF9-FB98-22275F94BE28}.Debug|Any CPU.ActiveCfg = Debug|Any CPU
		{CDFFF5A5-1327-3BF9-FB98-22275F94BE28}.Debug|Any CPU.Build.0 = Debug|Any CPU
		{CDFFF5A5-1327-3BF9-FB98-22275F94BE28}.Release|Any CPU.ActiveCfg = Release|Any CPU
		{CDFFF5A5-1327-3BF9-FB98-22275F94BE28}.Release|Any CPU.Build.0 = Release|Any CPU
	EndGlobalSection
	GlobalSection(SolutionProperties) = preSolution
		HideSolutionNode = FALSE
	EndGlobalSection
	GlobalSection(ExtensibilityGlobals) = postSolution
		SolutionGuid = {24EBC686-500A-4537-A31A-47E8D71233C4}
	EndGlobalSection
EndGlobal
